# This file is automatically @generated by Cargo.
# It is not intended for manual editing.
version = 4

[[package]]
name = "vyges-lec"
version = "0.1.10"
dependencies = [
 "vyges-loom",
]

[[package]]
name = "vyges-loom"
version = "0.0.2"
source = "git+https://github.com/vyges-tools/loom?branch=main#d38781364a250bdaf0c820cc182061a093bad8f3"
